
Microsoft Visual Studio Solution File, Format Version 12.00
# Visual Studio Version 17
VisualStudioVersion = 17.14.36408.4 d17.14
MinimumVisualStudioVersion = 10.0.40219.1
Project("{FAE04EC0-301F-11D3-BF4B-00C04F79EFBC}") = "RetoPractico", "RetoPractico.csproj", "{93F3E22C-B5FA-4326-8083-E2C7537C8BBB}"
EndProject
Global
	GlobalSection(SolutionConfigurationPlatforms) = preSolution
		Debug|Any CPU = Debug|Any CPU
		Release|Any CPU = Release|Any CPU
	EndGlobalSection
	GlobalSection(ProjectConfigurationPlatforms) = postSolution
		{93F3E22C-B5FA-4326-8083-E2C7537C8BBB}.Debug|Any CPU.ActiveCfg = Debug|Any CPU
		{93F3E22C-B5FA-4326-8083-E2C7537C8BBB}.Debug|Any CPU.Build.0 = Debug|Any CPU
		{93F3E22C-B5FA-4326-8083-E2C7537C8BBB}.Release|Any CPU.ActiveCfg = Release|Any CPU
		{93F3E22C-B5FA-4326-8083-E2C7537C8BBB}.Release|Any CPU.Build.0 = Release|Any CPU
	EndGlobalSection
	GlobalSection(SolutionProperties) = preSolution
		HideSolutionNode = FALSE
	EndGlobalSection
	GlobalSection(ExtensibilityGlobals) = postSolution
		SolutionGuid = {0D7DD4AE-F099-4F2C-9EFF-97F3100ADA85}
	EndGlobalSection
EndGlobal
